
Microsoft Visual Studio Solution File, Format Version 12.00
# Visual Studio Version 17
VisualStudioVersion = 17.2.32630.192
MinimumVisualStudioVersion = 10.0.40219.1
Project("{00D1A9C2-B5F0-4AF3-8072-F6C62B433612}") = "wpDB", "wpDB\wpDB.sqlproj", "{44B61FAD-DCD4-499A-A4B3-ACD7B54A8878}"
EndProject
Global
	GlobalSection(SolutionConfigurationPlatforms) = preSolution
		Debug|Any CPU = Debug|Any CPU
		Release|Any CPU = Release|Any CPU
	EndGlobalSection
	GlobalSection(ProjectConfigurationPlatforms) = postSolution
		{44B61FAD-DCD4-499A-A4B3-ACD7B54A8878}.Debug|Any CPU.ActiveCfg = Debug|Any CPU
		{44B61FAD-DCD4-499A-A4B3-ACD7B54A8878}.Debug|Any CPU.Build.0 = Debug|Any CPU
		{44B61FAD-DCD4-499A-A4B3-ACD7B54A8878}.Debug|Any CPU.Deploy.0 = Debug|Any CPU
		{44B61FAD-DCD4-499A-A4B3-ACD7B54A8878}.Release|Any CPU.ActiveCfg = Release|Any CPU
		{44B61FAD-DCD4-499A-A4B3-ACD7B54A8878}.Release|Any CPU.Build.0 = Release|Any CPU
		{44B61FAD-DCD4-499A-A4B3-ACD7B54A8878}.Release|Any CPU.Deploy.0 = Release|Any CPU
	EndGlobalSection
	GlobalSection(SolutionProperties) = preSolution
		HideSolutionNode = FALSE
	EndGlobalSection
	GlobalSection(ExtensibilityGlobals) = postSolution
		SolutionGuid = {5818661E-E4CD-4A3F-AEE0-E2452E650A28}
	EndGlobalSection
EndGlobal
